
Microsoft Visual Studio Solution File, Format Version 12.00
# Visual Studio Version 16
VisualStudioVersion = 16.0.30309.148
MinimumVisualStudioVersion = 10.0.40219.1
Project("{FAE04EC0-301F-11D3-BF4B-00C04F79EFBC}") = "TenisKata", "TenisKata.csproj", "{FDBEA0BC-CCD9-41FD-A628-31FA525807E4}"
EndProject
Global
	GlobalSection(SolutionConfigurationPlatforms) = preSolution
		Debug|Any CPU = Debug|Any CPU
		Release|Any CPU = Release|Any CPU
	EndGlobalSection
	GlobalSection(ProjectConfigurationPlatforms) = postSolution
		{FDBEA0BC-CCD9-41FD-A628-31FA525807E4}.Debug|Any CPU.ActiveCfg = Debug|Any CPU
		{FDBEA0BC-CCD9-41FD-A628-31FA525807E4}.Debug|Any CPU.Build.0 = Debug|Any CPU
		{FDBEA0BC-CCD9-41FD-A628-31FA525807E4}.Release|Any CPU.ActiveCfg = Release|Any CPU
		{FDBEA0BC-CCD9-41FD-A628-31FA525807E4}.Release|Any CPU.Build.0 = Release|Any CPU
	EndGlobalSection
	GlobalSection(SolutionProperties) = preSolution
		HideSolutionNode = FALSE
	EndGlobalSection
	GlobalSection(ExtensibilityGlobals) = postSolution
		SolutionGuid = {A082A3A6-B954-4135-98D5-8B45AFEB1FE8}
	EndGlobalSection
EndGlobal
